# THIS IS AN AUTOGENERATED FILE. DO NOT EDIT THIS FILE DIRECTLY.
# yarn lockfile v1


"@testing-library/user-event@^14.4.3":
  version "14.4.3"
  resolved "https://registry.yarnpkg.com/@testing-library/user-event/-/user-event-14.4.3.tgz#af975e367743fa91989cd666666aec31a8f50591"
  integrity sha512-kCUc5MEwaEMakkO5x7aoD+DLi02ehmEM2QCGWvNqAS1dV/fAvORWEjnjsEIvml59M7Y5kCkWN6fCCyPOe8OL6Q==
